
Microsoft Visual Studio Solution File, Format Version 12.00
# Visual Studio Version 17
VisualStudioVersion = 17.13.35913.81
MinimumVisualStudioVersion = 10.0.40219.1
Project("{2150E333-8FDC-42A3-9474-1A3956D46DE8}") = "src", "src", "{FB499442-8AFF-415C-AC77-66F2B37107DD}"
EndProject
Project("{FAE04EC0-301F-11D3-BF4B-00C04F79EFBC}") = "SmartHome.Domain", "src\SmartHome.Domain\SmartHome.Domain.csproj", "{062B764B-61B3-481B-919B-B30F13750BB2}"
EndProject
Project("{FAE04EC0-301F-11D3-BF4B-00C04F79EFBC}") = "SmartHome.Service", "src\SmartHome.Service\SmartHome.Service.csproj", "{F92FCAA2-37CC-495B-A88A-C832C9D19239}"
EndProject
Project("{FAE04EC0-301F-11D3-BF4B-00C04F79EFBC}") = "SmartHome.Infrastructure", "src\SmartHome.Infrastructure\SmartHome.Infrastructure.csproj", "{EEBA5C85-1809-4AAF-B9AC-AD5A0FB3D866}"
EndProject
Project("{FAE04EC0-301F-11D3-BF4B-00C04F79EFBC}") = "SmartHome.Infrastructure.CatScale", "src\SmartHome.Infrastructure.CatScale\SmartHome.Infrastructure.CatScale.csproj", "{0AAD343B-D71C-4D30-A957-402F577502BD}"
EndProject
Project("{FAE04EC0-301F-11D3-BF4B-00C04F79EFBC}") = "SmartHome.Infrastructure.Zigbee2Mqtt", "src\SmartHome.Infrastructure.Zigbee2Mqtt\SmartHome.Infrastructure.Zigbee2Mqtt.csproj", "{24B53FFC-F328-4F16-832D-C4C9E83F776F}"
EndProject
Project("{FAE04EC0-301F-11D3-BF4B-00C04F79EFBC}") = "SmartHome.Utils", "src\SmartHome.Utils\SmartHome.Utils.csproj", "{F97BE4AC-6075-4539-9240-91F216B9CA8D}"
EndProject
Project("{2150E333-8FDC-42A3-9474-1A3956D46DE8}") = "Solution Items", "Solution Items", "{EB47B4F0-EBD8-496E-AC9F-E901CDE2D151}"
	ProjectSection(SolutionItems) = preProject
		.editorconfig = .editorconfig
		..\docker\docker-compose.yml = ..\docker\docker-compose.yml
	EndProjectSection
EndProject
Project("{FAE04EC0-301F-11D3-BF4B-00C04F79EFBC}") = "SmartHome.Infrastructure.Mqtt", "src\SmartHome.Infrastructure.Mqtt\SmartHome.Infrastructure.Mqtt.csproj", "{D35A4A31-28E0-4611-9EC1-B1FBB7E43A46}"
EndProject
Project("{FAE04EC0-301F-11D3-BF4B-00C04F79EFBC}") = "SmartHome.UI.Blazor", "src\SmartHome.UI.Blazor\SmartHome.UI.Blazor.csproj", "{4E0941A5-65C5-435A-9A4B-DD59EC7175E9}"
EndProject
Global
	GlobalSection(SolutionConfigurationPlatforms) = preSolution
		Debug|Any CPU = Debug|Any CPU
		Debug|x64 = Debug|x64
		Debug|x86 = Debug|x86
		Release|Any CPU = Release|Any CPU
		Release|x64 = Release|x64
		Release|x86 = Release|x86
	EndGlobalSection
	GlobalSection(ProjectConfigurationPlatforms) = postSolution
		{062B764B-61B3-481B-919B-B30F13750BB2}.Debug|Any CPU.ActiveCfg = Debug|Any CPU
		{062B764B-61B3-481B-919B-B30F13750BB2}.Debug|Any CPU.Build.0 = Debug|Any CPU
		{062B764B-61B3-481B-919B-B30F13750BB2}.Debug|x64.ActiveCfg = Debug|Any CPU
		{062B764B-61B3-481B-919B-B30F13750BB2}.Debug|x64.Build.0 = Debug|Any CPU
		{062B764B-61B3-481B-919B-B30F13750BB2}.Debug|x86.ActiveCfg = Debug|Any CPU
		{062B764B-61B3-481B-919B-B30F13750BB2}.Debug|x86.Build.0 = Debug|Any CPU
		{062B764B-61B3-481B-919B-B30F13750BB2}.Release|Any CPU.ActiveCfg = Release|Any CPU
		{062B764B-61B3-481B-919B-B30F13750BB2}.Release|Any CPU.Build.0 = Release|Any CPU
		{062B764B-61B3-481B-919B-B30F13750BB2}.Release|x64.ActiveCfg = Release|Any CPU
		{062B764B-61B3-481B-919B-B30F13750BB2}.Release|x64.Build.0 = Release|Any CPU
		{062B764B-61B3-481B-919B-B30F13750BB2}.Release|x86.ActiveCfg = Release|Any CPU
		{062B764B-61B3-481B-919B-B30F13750BB2}.Release|x86.Build.0 = Release|Any CPU
		{F92FCAA2-37CC-495B-A88A-C832C9D19239}.Debug|Any CPU.ActiveCfg = Debug|Any CPU
		{F92FCAA2-37CC-495B-A88A-C832C9D19239}.Debug|Any CPU.Build.0 = Debug|Any CPU
		{F92FCAA2-37CC-495B-A88A-C832C9D19239}.Debug|x64.ActiveCfg = Debug|Any CPU
		{F92FCAA2-37CC-495B-A88A-C832C9D19239}.Debug|x64.Build.0 = Debug|Any CPU
		{F92FCAA2-37CC-495B-A88A-C832C9D19239}.Debug|x86.ActiveCfg = Debug|Any CPU
		{F92FCAA2-37CC-495B-A88A-C832C9D19239}.Debug|x86.Build.0 = Debug|Any CPU
		{F92FCAA2-37CC-495B-A88A-C832C9D19239}.Release|Any CPU.ActiveCfg = Release|Any CPU
		{F92FCAA2-37CC-495B-A88A-C832C9D19239}.Release|Any CPU.Build.0 = Release|Any CPU
		{F92FCAA2-37CC-495B-A88A-C832C9D19239}.Release|x64.ActiveCfg = Release|Any CPU
		{F92FCAA2-37CC-495B-A88A-C832C9D19239}.Release|x64.Build.0 = Release|Any CPU
		{F92FCAA2-37CC-495B-A88A-C832C9D19239}.Release|x86.ActiveCfg = Release|Any CPU
		{F92FCAA2-37CC-495B-A88A-C832C9D19239}.Release|x86.Build.0 = Release|Any CPU
		{EEBA5C85-1809-4AAF-B9AC-AD5A0FB3D866}.Debug|Any CPU.ActiveCfg = Debug|Any CPU
		{EEBA5C85-1809-4AAF-B9AC-AD5A0FB3D866}.Debug|Any CPU.Build.0 = Debug|Any CPU
		{EEBA5C85-1809-4AAF-B9AC-AD5A0FB3D866}.Debug|x64.ActiveCfg = Debug|Any CPU
		{EEBA5C85-1809-4AAF-B9AC-AD5A0FB3D866}.Debug|x64.Build.0 = Debug|Any CPU
		{EEBA5C85-1809-4AAF-B9AC-AD5A0FB3D866}.Debug|x86.ActiveCfg = Debug|Any CPU
		{EEBA5C85-1809-4AAF-B9AC-AD5A0FB3D866}.Debug|x86.Build.0 = Debug|Any CPU
		{EEBA5C85-1809-4AAF-B9AC-AD5A0FB3D866}.Release|Any CPU.ActiveCfg = Release|Any CPU
		{EEBA5C85-1809-4AAF-B9AC-AD5A0FB3D866}.Release|Any CPU.Build.0 = Release|Any CPU
		{EEBA5C85-1809-4AAF-B9AC-AD5A0FB3D866}.Release|x64.ActiveCfg = Release|Any CPU
		{EEBA5C85-1809-4AAF-B9AC-AD5A0FB3D866}.Release|x64.Build.0 = Release|Any CPU
		{EEBA5C85-1809-4AAF-B9AC-AD5A0FB3D866}.Release|x86.ActiveCfg = Release|Any CPU
		{EEBA5C85-1809-4AAF-B9AC-AD5A0FB3D866}.Release|x86.Build.0 = Release|Any CPU
		{0AAD343B-D71C-4D30-A957-402F577502BD}.Debug|Any CPU.ActiveCfg = Debug|Any CPU
		{0AAD343B-D71C-4D30-A957-402F577502BD}.Debug|Any CPU.Build.0 = Debug|Any CPU
		{0AAD343B-D71C-4D30-A957-402F577502BD}.Debug|x64.ActiveCfg = Debug|Any CPU
		{0AAD343B-D71C-4D30-A957-402F577502BD}.Debug|x64.Build.0 = Debug|Any CPU
		{0AAD343B-D71C-4D30-A957-402F577502BD}.Debug|x86.ActiveCfg = Debug|Any CPU
		{0AAD343B-D71C-4D30-A957-402F577502BD}.Debug|x86.Build.0 = Debug|Any CPU
		{0AAD343B-D71C-4D30-A957-402F577502BD}.Release|Any CPU.ActiveCfg = Release|Any CPU
		{0AAD343B-D71C-4D30-A957-402F577502BD}.Release|Any CPU.Build.0 = Release|Any CPU
		{0AAD343B-D71C-4D30-A957-402F577502BD}.Release|x64.ActiveCfg = Release|Any CPU
		{0AAD343B-D71C-4D30-A957-402F577502BD}.Release|x64.Build.0 = Release|Any CPU
		{0AAD343B-D71C-4D30-A957-402F577502BD}.Release|x86.ActiveCfg = Release|Any CPU
		{0AAD343B-D71C-4D30-A957-402F577502BD}.Release|x86.Build.0 = Release|Any CPU
		{24B53FFC-F328-4F16-832D-C4C9E83F776F}.Debug|Any CPU.ActiveCfg = Debug|Any CPU
		{24B53FFC-F328-4F16-832D-C4C9E83F776F}.Debug|Any CPU.Build.0 = Debug|Any CPU
		{24B53FFC-F328-4F16-832D-C4C9E83F776F}.Debug|x64.ActiveCfg = Debug|Any CPU
		{24B53FFC-F328-4F16-832D-C4C9E83F776F}.Debug|x64.Build.0 = Debug|Any CPU
		{24B53FFC-F328-4F16-832D-C4C9E83F776F}.Debug|x86.ActiveCfg = Debug|Any CPU
		{24B53FFC-F328-4F16-832D-C4C9E83F776F}.Debug|x86.Build.0 = Debug|Any CPU
		{24B53FFC-F328-4F16-832D-C4C9E83F776F}.Release|Any CPU.ActiveCfg = Release|Any CPU
		{24B53FFC-F328-4F16-832D-C4C9E83F776F}.Release|Any CPU.Build.0 = Release|Any CPU
		{24B53FFC-F328-4F16-832D-C4C9E83F776F}.Release|x64.ActiveCfg = Release|Any CPU
		{24B53FFC-F328-4F16-832D-C4C9E83F776F}.Release|x64.Build.0 = Release|Any CPU
		{24B53FFC-F328-4F16-832D-C4C9E83F776F}.Release|x86.ActiveCfg = Release|Any CPU
		{24B53FFC-F328-4F16-832D-C4C9E83F776F}.Release|x86.Build.0 = Release|Any CPU
		{F97BE4AC-6075-4539-9240-91F216B9CA8D}.Debug|Any CPU.ActiveCfg = Debug|Any CPU
		{F97BE4AC-6075-4539-9240-91F216B9CA8D}.Debug|Any CPU.Build.0 = Debug|Any CPU
		{F97BE4AC-6075-4539-9240-91F216B9CA8D}.Debug|x64.ActiveCfg = Debug|Any CPU
		{F97BE4AC-6075-4539-9240-91F216B9CA8D}.Debug|x64.Build.0 = Debug|Any CPU
		{F97BE4AC-6075-4539-9240-91F216B9CA8D}.Debug|x86.ActiveCfg = Debug|Any CPU
		{F97BE4AC-6075-4539-9240-91F216B9CA8D}.Debug|x86.Build.0 = Debug|Any CPU
		{F97BE4AC-6075-4539-9240-91F216B9CA8D}.Release|Any CPU.ActiveCfg = Release|Any CPU
		{F97BE4AC-6075-4539-9240-91F216B9CA8D}.Release|Any CPU.Build.0 = Release|Any CPU
		{F97BE4AC-6075-4539-9240-91F216B9CA8D}.Release|x64.ActiveCfg = Release|Any CPU
		{F97BE4AC-6075-4539-9240-91F216B9CA8D}.Release|x64.Build.0 = Release|Any CPU
		{F97BE4AC-6075-4539-9240-91F216B9CA8D}.Release|x86.ActiveCfg = Release|Any CPU
		{F97BE4AC-6075-4539-9240-91F216B9CA8D}.Release|x86.Build.0 = Release|Any CPU
		{D35A4A31-28E0-4611-9EC1-B1FBB7E43A46}.Debug|Any CPU.ActiveCfg = Debug|Any CPU
		{D35A4A31-28E0-4611-9EC1-B1FBB7E43A46}.Debug|Any CPU.Build.0 = Debug|Any CPU
		{D35A4A31-28E0-4611-9EC1-B1FBB7E43A46}.Debug|x64.ActiveCfg = Debug|Any CPU
		{D35A4A31-28E0-4611-9EC1-B1FBB7E43A46}.Debug|x64.Build.0 = Debug|Any CPU
		{D35A4A31-28E0-4611-9EC1-B1FBB7E43A46}.Debug|x86.ActiveCfg = Debug|Any CPU
		{D35A4A31-28E0-4611-9EC1-B1FBB7E43A46}.Debug|x86.Build.0 = Debug|Any CPU
		{D35A4A31-28E0-4611-9EC1-B1FBB7E43A46}.Release|Any CPU.ActiveCfg = Release|Any CPU
		{D35A4A31-28E0-4611-9EC1-B1FBB7E43A46}.Release|Any CPU.Build.0 = Release|Any CPU
		{D35A4A31-28E0-4611-9EC1-B1FBB7E43A46}.Release|x64.ActiveCfg = Release|Any CPU
		{D35A4A31-28E0-4611-9EC1-B1FBB7E43A46}.Release|x64.Build.0 = Release|Any CPU
		{D35A4A31-28E0-4611-9EC1-B1FBB7E43A46}.Release|x86.ActiveCfg = Release|Any CPU
		{D35A4A31-28E0-4611-9EC1-B1FBB7E43A46}.Release|x86.Build.0 = Release|Any CPU
		{4E0941A5-65C5-435A-9A4B-DD59EC7175E9}.Debug|Any CPU.ActiveCfg = Debug|Any CPU
		{4E0941A5-65C5-435A-9A4B-DD59EC7175E9}.Debug|Any CPU.Build.0 = Debug|Any CPU
		{4E0941A5-65C5-435A-9A4B-DD59EC7175E9}.Debug|x64.ActiveCfg = Debug|Any CPU
		{4E0941A5-65C5-435A-9A4B-DD59EC7175E9}.Debug|x64.Build.0 = Debug|Any CPU
		{4E0941A5-65C5-435A-9A4B-DD59EC7175E9}.Debug|x86.ActiveCfg = Debug|Any CPU
		{4E0941A5-65C5-435A-9A4B-DD59EC7175E9}.Debug|x86.Build.0 = Debug|Any CPU
		{4E0941A5-65C5-435A-9A4B-DD59EC7175E9}.Release|Any CPU.ActiveCfg = Release|Any CPU
		{4E0941A5-65C5-435A-9A4B-DD59EC7175E9}.Release|Any CPU.Build.0 = Release|Any CPU
		{4E0941A5-65C5-435A-9A4B-DD59EC7175E9}.Release|x64.ActiveCfg = Release|Any CPU
		{4E0941A5-65C5-435A-9A4B-DD59EC7175E9}.Release|x64.Build.0 = Release|Any CPU
		{4E0941A5-65C5-435A-9A4B-DD59EC7175E9}.Release|x86.ActiveCfg = Release|Any CPU
		{4E0941A5-65C5-435A-9A4B-DD59EC7175E9}.Release|x86.Build.0 = Release|Any CPU
	EndGlobalSection
	GlobalSection(SolutionProperties) = preSolution
		HideSolutionNode = FALSE
	EndGlobalSection
	GlobalSection(NestedProjects) = preSolution
		{062B764B-61B3-481B-919B-B30F13750BB2} = {FB499442-8AFF-415C-AC77-66F2B37107DD}
		{F92FCAA2-37CC-495B-A88A-C832C9D19239} = {FB499442-8AFF-415C-AC77-66F2B37107DD}
		{EEBA5C85-1809-4AAF-B9AC-AD5A0FB3D866} = {FB499442-8AFF-415C-AC77-66F2B37107DD}
		{0AAD343B-D71C-4D30-A957-402F577502BD} = {FB499442-8AFF-415C-AC77-66F2B37107DD}
		{24B53FFC-F328-4F16-832D-C4C9E83F776F} = {FB499442-8AFF-415C-AC77-66F2B37107DD}
		{F97BE4AC-6075-4539-9240-91F216B9CA8D} = {FB499442-8AFF-415C-AC77-66F2B37107DD}
		{D35A4A31-28E0-4611-9EC1-B1FBB7E43A46} = {FB499442-8AFF-415C-AC77-66F2B37107DD}
		{4E0941A5-65C5-435A-9A4B-DD59EC7175E9} = {FB499442-8AFF-415C-AC77-66F2B37107DD}
	EndGlobalSection
	GlobalSection(ExtensibilityGlobals) = postSolution
		SolutionGuid = {2ECB0DA1-91E0-4EA1-AE6A-F0950D01D993}
	EndGlobalSection
EndGlobal
